
Microsoft Visual Studio Solution File, Format Version 12.00
# Visual Studio Version 17
VisualStudioVersion = 17.7.34202.233
MinimumVisualStudioVersion = 10.0.40219.1
Project("{FAE04EC0-301F-11D3-BF4B-00C04F79EFBC}") = "WeatherMVC", "WeatherMVC\WeatherMVC.csproj", "{DA4AE5CF-7B4C-4456-A1F4-5039966704F3}"
EndProject
Global
	GlobalSection(SolutionConfigurationPlatforms) = preSolution
		Debug|Any CPU = Debug|Any CPU
		Release|Any CPU = Release|Any CPU
	EndGlobalSection
	GlobalSection(ProjectConfigurationPlatforms) = postSolution
		{DA4AE5CF-7B4C-4456-A1F4-5039966704F3}.Debug|Any CPU.ActiveCfg = Debug|Any CPU
		{DA4AE5CF-7B4C-4456-A1F4-5039966704F3}.Debug|Any CPU.Build.0 = Debug|Any CPU
		{DA4AE5CF-7B4C-4456-A1F4-5039966704F3}.Release|Any CPU.ActiveCfg = Release|Any CPU
		{DA4AE5CF-7B4C-4456-A1F4-5039966704F3}.Release|Any CPU.Build.0 = Release|Any CPU
	EndGlobalSection
	GlobalSection(SolutionProperties) = preSolution
		HideSolutionNode = FALSE
	EndGlobalSection
	GlobalSection(ExtensibilityGlobals) = postSolution
		SolutionGuid = {5CA67CD4-668B-4510-9894-3BB7F398D1D2}
	EndGlobalSection
EndGlobal
